
Microsoft Visual Studio Solution File, Format Version 12.00
# Visual Studio 15
VisualStudioVersion = 15.0.27004.2002
MinimumVisualStudioVersion = 10.0.40219.1
Project("{FAE04EC0-301F-11D3-BF4B-00C04F79EFBC}") = "CallCenterLocal", "CallCenterLocal\CallCenterLocal.csproj", "{D6602443-3C5B-4908-846E-CCA8D28A15DE}"
EndProject
Project("{FAE04EC0-301F-11D3-BF4B-00C04F79EFBC}") = "CallCenterForWpf", "CallCenterForWpf\CallCenterForWpf.csproj", "{4749EA44-CD6D-45FC-BFFF-5DE1C116CCB8}"
EndProject
Project("{54435603-DBB4-11D2-8724-00A0C9A8B90C}") = "CCLSetup", "CCLSetup\CCLSetup.vdproj", "{5CA1C9FB-4CD0-4038-90ED-144D9841ACAB}"
EndProject
Global
	GlobalSection(SolutionConfigurationPlatforms) = preSolution
		Debug|Any CPU = Debug|Any CPU
		Debug|x64 = Debug|x64
		Debug|x86 = Debug|x86
		DefaultBuild|Any CPU = DefaultBuild|Any CPU
		DefaultBuild|x64 = DefaultBuild|x64
		DefaultBuild|x86 = DefaultBuild|x86
		Release|Any CPU = Release|Any CPU
		Release|x64 = Release|x64
		Release|x86 = Release|x86
		x64|Any CPU = x64|Any CPU
		x64|x64 = x64|x64
		x64|x86 = x64|x86
	EndGlobalSection
	GlobalSection(ProjectConfigurationPlatforms) = postSolution
		{D6602443-3C5B-4908-846E-CCA8D28A15DE}.Debug|Any CPU.ActiveCfg = Debug|x86
		{D6602443-3C5B-4908-846E-CCA8D28A15DE}.Debug|Any CPU.Build.0 = Debug|x86
		{D6602443-3C5B-4908-846E-CCA8D28A15DE}.Debug|x64.ActiveCfg = Debug|x86
		{D6602443-3C5B-4908-846E-CCA8D28A15DE}.Debug|x86.ActiveCfg = Debug|x86
		{D6602443-3C5B-4908-846E-CCA8D28A15DE}.Debug|x86.Build.0 = Debug|x86
		{D6602443-3C5B-4908-846E-CCA8D28A15DE}.DefaultBuild|Any CPU.ActiveCfg = Release|x86
		{D6602443-3C5B-4908-846E-CCA8D28A15DE}.DefaultBuild|Any CPU.Build.0 = Release|x86
		{D6602443-3C5B-4908-846E-CCA8D28A15DE}.DefaultBuild|x64.ActiveCfg = Release|x86
		{D6602443-3C5B-4908-846E-CCA8D28A15DE}.DefaultBuild|x64.Build.0 = Release|x86
		{D6602443-3C5B-4908-846E-CCA8D28A15DE}.DefaultBuild|x86.ActiveCfg = Debug|x86
		{D6602443-3C5B-4908-846E-CCA8D28A15DE}.DefaultBuild|x86.Build.0 = Debug|x86
		{D6602443-3C5B-4908-846E-CCA8D28A15DE}.Release|Any CPU.ActiveCfg = Release|x86
		{D6602443-3C5B-4908-846E-CCA8D28A15DE}.Release|x64.ActiveCfg = Release|x86
		{D6602443-3C5B-4908-846E-CCA8D28A15DE}.Release|x86.ActiveCfg = Release|x86
		{D6602443-3C5B-4908-846E-CCA8D28A15DE}.Release|x86.Build.0 = Release|x86
		{D6602443-3C5B-4908-846E-CCA8D28A15DE}.x64|Any CPU.ActiveCfg = Release|x86
		{D6602443-3C5B-4908-846E-CCA8D28A15DE}.x64|Any CPU.Build.0 = Release|x86
		{D6602443-3C5B-4908-846E-CCA8D28A15DE}.x64|x64.ActiveCfg = Release|x86
		{D6602443-3C5B-4908-846E-CCA8D28A15DE}.x64|x64.Build.0 = Release|x86
		{D6602443-3C5B-4908-846E-CCA8D28A15DE}.x64|x86.ActiveCfg = Release|x86
		{D6602443-3C5B-4908-846E-CCA8D28A15DE}.x64|x86.Build.0 = Release|x86
		{4749EA44-CD6D-45FC-BFFF-5DE1C116CCB8}.Debug|Any CPU.ActiveCfg = Debug|x86
		{4749EA44-CD6D-45FC-BFFF-5DE1C116CCB8}.Debug|x64.ActiveCfg = Debug|x64
		{4749EA44-CD6D-45FC-BFFF-5DE1C116CCB8}.Debug|x64.Build.0 = Debug|x64
		{4749EA44-CD6D-45FC-BFFF-5DE1C116CCB8}.Debug|x86.ActiveCfg = Debug|x86
		{4749EA44-CD6D-45FC-BFFF-5DE1C116CCB8}.Debug|x86.Build.0 = Debug|x86
		{4749EA44-CD6D-45FC-BFFF-5DE1C116CCB8}.DefaultBuild|Any CPU.ActiveCfg = Release|x86
		{4749EA44-CD6D-45FC-BFFF-5DE1C116CCB8}.DefaultBuild|Any CPU.Build.0 = Release|x86
		{4749EA44-CD6D-45FC-BFFF-5DE1C116CCB8}.DefaultBuild|x64.ActiveCfg = Debug|x64
		{4749EA44-CD6D-45FC-BFFF-5DE1C116CCB8}.DefaultBuild|x64.Build.0 = Debug|x64
		{4749EA44-CD6D-45FC-BFFF-5DE1C116CCB8}.DefaultBuild|x86.ActiveCfg = Debug|x86
		{4749EA44-CD6D-45FC-BFFF-5DE1C116CCB8}.DefaultBuild|x86.Build.0 = Debug|x86
		{4749EA44-CD6D-45FC-BFFF-5DE1C116CCB8}.Release|Any CPU.ActiveCfg = Release|x86
		{4749EA44-CD6D-45FC-BFFF-5DE1C116CCB8}.Release|x64.ActiveCfg = Release|x64
		{4749EA44-CD6D-45FC-BFFF-5DE1C116CCB8}.Release|x64.Build.0 = Release|x64
		{4749EA44-CD6D-45FC-BFFF-5DE1C116CCB8}.Release|x86.ActiveCfg = Release|x86
		{4749EA44-CD6D-45FC-BFFF-5DE1C116CCB8}.Release|x86.Build.0 = Release|x86
		{4749EA44-CD6D-45FC-BFFF-5DE1C116CCB8}.x64|Any CPU.ActiveCfg = Release|x64
		{4749EA44-CD6D-45FC-BFFF-5DE1C116CCB8}.x64|Any CPU.Build.0 = Release|x64
		{4749EA44-CD6D-45FC-BFFF-5DE1C116CCB8}.x64|x64.ActiveCfg = Release|x64
		{4749EA44-CD6D-45FC-BFFF-5DE1C116CCB8}.x64|x64.Build.0 = Release|x64
		{4749EA44-CD6D-45FC-BFFF-5DE1C116CCB8}.x64|x86.ActiveCfg = Release|x86
		{4749EA44-CD6D-45FC-BFFF-5DE1C116CCB8}.x64|x86.Build.0 = Release|x86
		{5CA1C9FB-4CD0-4038-90ED-144D9841ACAB}.Debug|Any CPU.ActiveCfg = Debug
		{5CA1C9FB-4CD0-4038-90ED-144D9841ACAB}.Debug|x64.ActiveCfg = Debug
		{5CA1C9FB-4CD0-4038-90ED-144D9841ACAB}.Debug|x86.ActiveCfg = Debug
		{5CA1C9FB-4CD0-4038-90ED-144D9841ACAB}.DefaultBuild|Any CPU.ActiveCfg = Debug
		{5CA1C9FB-4CD0-4038-90ED-144D9841ACAB}.DefaultBuild|x64.ActiveCfg = Debug
		{5CA1C9FB-4CD0-4038-90ED-144D9841ACAB}.DefaultBuild|x86.ActiveCfg = Debug
		{5CA1C9FB-4CD0-4038-90ED-144D9841ACAB}.Release|Any CPU.ActiveCfg = Release
		{5CA1C9FB-4CD0-4038-90ED-144D9841ACAB}.Release|x64.ActiveCfg = Release
		{5CA1C9FB-4CD0-4038-90ED-144D9841ACAB}.Release|x86.ActiveCfg = Release
		{5CA1C9FB-4CD0-4038-90ED-144D9841ACAB}.x64|Any CPU.ActiveCfg = Release
		{5CA1C9FB-4CD0-4038-90ED-144D9841ACAB}.x64|x64.ActiveCfg = Release
		{5CA1C9FB-4CD0-4038-90ED-144D9841ACAB}.x64|x86.ActiveCfg = Release
	EndGlobalSection
	GlobalSection(SolutionProperties) = preSolution
		HideSolutionNode = FALSE
	EndGlobalSection
	GlobalSection(ExtensibilityGlobals) = postSolution
		SolutionGuid = {8311C076-38E2-41C4-AFF6-9CDA4DAA08D7}
	EndGlobalSection
EndGlobal
